// !$*UTF8*$!
{
	archiveVersion = 1;
	classes = {
	};
	objectVersion = 46;
	objects = {

/* Begin PBXBuildFile section */
		3B3EC1C1191C20E8005E13FA /* Foundation.framework in Frameworks */ = {isa = PBXBuildFile; fileRef = 3B3EC1C0191C20E8005E13FA /* Foundation.framework */; };
		3B3EC1C3191C20E8005E13FA /* CoreGraphics.framework in Frameworks */ = {isa = PBXBuildFile; fileRef = 3B3EC1C2191C20E8005E13FA /* CoreGraphics.framework */; };
		3B3EC1C5191C20E8005E13FA /* UIKit.framework in Frameworks */ = {isa = PBXBuildFile; fileRef = 3B3EC1C4191C20E8005E13FA /* UIKit.framework */; };
		3B3EC1CB191C20E9005E13FA /* InfoPlist.strings in Resources */ = {isa = PBXBuildFile; fileRef = 3B3EC1C9191C20E9005E13FA /* InfoPlist.strings */; };
		3B3EC1CD191C20E9005E13FA /* main.m in Sources */ = {isa = PBXBuildFile; fileRef = 3B3EC1CC191C20E9005E13FA /* main.m */; };
		3B3EC1D1191C20E9005E13FA /* LTAppDelegate.m in Sources */ = {isa = PBXBuildFile; fileRef = 3B3EC1D0191C20E9005E13FA /* LTAppDelegate.m */; };
		3B3EC1D4191C20E9005E13FA /* Main.storyboard in Resources */ = {isa = PBXBuildFile; fileRef = 3B3EC1D2191C20E9005E13FA /* Main.storyboard */; };
		3B3EC1D7191C20E9005E13FA /* LTViewController.m in Sources */ = {isa = PBXBuildFile; fileRef = 3B3EC1D6191C20E9005E13FA /* LTViewController.m */; };
		3B3EC1D9191C20E9005E13FA /* Images.xcassets in Resources */ = {isa = PBXBuildFile; fileRef = 3B3EC1D8191C20E9005E13FA /* Images.xcassets */; };
		3B3EC1E0191C20E9005E13FA /* XCTest.framework in Frameworks */ = {isa = PBXBuildFile; fileRef = 3B3EC1DF191C20E9005E13FA /* XCTest.framework */; };
		3B3EC1E1191C20E9005E13FA /* Foundation.framework in Frameworks */ = {isa = PBXBuildFile; fileRef = 3B3EC1C0191C20E8005E13FA /* Foundation.framework */; };
		3B3EC1E2191C20E9005E13FA /* UIKit.framework in Frameworks */ = {isa = PBXBuildFile; fileRef = 3B3EC1C4191C20E8005E13FA /* UIKit.framework */; };
		3B3EC1EA191C20E9005E13FA /* InfoPlist.strings in Resources */ = {isa = PBXBuildFile; fileRef = 3B3EC1E8191C20E9005E13FA /* InfoPlist.strings */; };
		3B3EC1EC191C20E9005E13FA /* PhoneNumberFieldDemoTests.m in Sources */ = {isa = PBXBuildFile; fileRef = 3B3EC1EB191C20E9005E13FA /* PhoneNumberFieldDemoTests.m */; };
/* End PBXBuildFile section */

/* Begin PBXContainerItemProxy section */
		3B3EC1E3191C20E9005E13FA /* PBXContainerItemProxy */ = {
			isa = PBXContainerItemProxy;
			containerPortal = 3B3EC1B5191C20E8005E13FA /* Project object */;
			proxyType = 1;
			remoteGlobalIDString = 3B3EC1BC191C20E8005E13FA;
			remoteInfo = PhoneNumberFieldDemo;
		};
/* End PBXContainerItemProxy section */

/* Begin PBXFileReference section */
		3B3EC1BD191C20E8005E13FA /* PhoneNumberFieldDemo.app */ = {isa = PBXFileReference; explicitFileType = wrapper.application; includeInIndex = 0; path = PhoneNumberFieldDemo.app; sourceTree = BUILT_PRODUCTS_DIR; };
		3B3EC1C0191C20E8005E13FA /* Foundation.framework */ = {isa = PBXFileReference; lastKnownFileType = wrapper.framework; name = Foundation.framework; path = System/Library/Frameworks/Foundation.framework; sourceTree = SDKROOT; };
		3B3EC1C2191C20E8005E13FA /* CoreGraphics.framework */ = {isa = PBXFileReference; lastKnownFileType = wrapper.framework; name = CoreGraphics.framework; path = System/Library/Frameworks/CoreGraphics.framework; sourceTree = SDKROOT; };
		3B3EC1C4191C20E8005E13FA /* UIKit.framework */ = {isa = PBXFileReference; lastKnownFileType = wrapper.framework; name = UIKit.framework; path = System/Library/Frameworks/UIKit.framework; sourceTree = SDKROOT; };
		3B3EC1C8191C20E9005E13FA /* PhoneNumberFieldDemo-Info.plist */ = {isa = PBXFileReference; lastKnownFileType = text.plist.xml; path = "PhoneNumberFieldDemo-Info.plist"; sourceTree = "<group>"; };
		3B3EC1CA191C20E9005E13FA /* en */ = {isa = PBXFileReference; lastKnownFileType = text.plist.strings; name = en; path = en.lproj/InfoPlist.strings; sourceTree = "<group>"; };
		3B3EC1CC191C20E9005E13FA /* main.m */ = {isa = PBXFileReference; lastKnownFileType = sourcecode.c.objc; path = main.m; sourceTree = "<group>"; };
		3B3EC1CE191C20E9005E13FA /* PhoneNumberFieldDemo-Prefix.pch */ = {isa = PBXFileReference; lastKnownFileType = sourcecode.c.h; path = "PhoneNumberFieldDemo-Prefix.pch"; sourceTree = "<group>"; };
		3B3EC1CF191C20E9005E13FA /* LTAppDelegate.h */ = {isa = PBXFileReference; lastKnownFileType = sourcecode.c.h; path = LTAppDelegate.h; sourceTree = "<group>"; };
		3B3EC1D0191C20E9005E13FA /* LTAppDelegate.m */ = {isa = PBXFileReference; lastKnownFileType = sourcecode.c.objc; path = LTAppDelegate.m; sourceTree = "<group>"; };
		3B3EC1D3191C20E9005E13FA /* Base */ = {isa = PBXFileReference; lastKnownFileType = file.storyboard; name = Base; path = Base.lproj/Main.storyboard; sourceTree = "<group>"; };
		3B3EC1D5191C20E9005E13FA /* LTViewController.h */ = {isa = PBXFileReference; lastKnownFileType = sourcecode.c.h; path = LTViewController.h; sourceTree = "<group>"; };
		3B3EC1D6191C20E9005E13FA /* LTViewController.m */ = {isa = PBXFileReference; lastKnownFileType = sourcecode.c.objc; path = LTViewController.m; sourceTree = "<group>"; };
		3B3EC1D8191C20E9005E13FA /* Images.xcassets */ = {isa = PBXFileReference; lastKnownFileType = folder.assetcatalog; path = Images.xcassets; sourceTree = "<group>"; };
		3B3EC1DE191C20E9005E13FA /* PhoneNumberFieldDemoTests.xctest */ = {isa = PBXFileReference; explicitFileType = wrapper.cfbundle; includeInIndex = 0; path = PhoneNumberFieldDemoTests.xctest; sourceTree = BUILT_PRODUCTS_DIR; };
		3B3EC1DF191C20E9005E13FA /* XCTest.framework */ = {isa = PBXFileReference; lastKnownFileType = wrapper.framework; name = XCTest.framework; path = Library/Frameworks/XCTest.framework; sourceTree = DEVELOPER_DIR; };
		3B3EC1E7191C20E9005E13FA /* PhoneNumberFieldDemoTests-Info.plist */ = {isa = PBXFileReference; lastKnownFileType = text.plist.xml; path = "PhoneNumberFieldDemoTests-Info.plist"; sourceTree = "<group>"; };
		3B3EC1E9191C20E9005E13FA /* en */ = {isa = PBXFileReference; lastKnownFileType = text.plist.strings; name = en; path = en.lproj/InfoPlist.strings; sourceTree = "<group>"; };
		3B3EC1EB191C20E9005E13FA /* PhoneNumberFieldDemoTests.m */ = {isa = PBXFileReference; lastKnownFileType = sourcecode.c.objc; path = PhoneNumberFieldDemoTests.m; sourceTree = "<group>"; };
/* End PBXFileReference section */

/* Begin PBXFrameworksBuildPhase section */
		3B3EC1BA191C20E8005E13FA /* Frameworks */ = {
			isa = PBXFrameworksBuildPhase;
			buildActionMask = 2147483647;
			files = (
				3B3EC1C3191C20E8005E13FA /* CoreGraphics.framework in Frameworks */,
				3B3EC1C5191C20E8005E13FA /* UIKit.framework in Frameworks */,
				3B3EC1C1191C20E8005E13FA /* Foundation.framework in Frameworks */,
			);
			runOnlyForDeploymentPostprocessing = 0;
		};
		3B3EC1DB191C20E9005E13FA /* Frameworks */ = {
			isa = PBXFrameworksBuildPhase;
			buildActionMask = 2147483647;
			files = (
				3B3EC1E0191C20E9005E13FA /* XCTest.framework in Frameworks */,
				3B3EC1E2191C20E9005E13FA /* UIKit.framework in Frameworks */,
				3B3EC1E1191C20E9005E13FA /* Foundation.framework in Frameworks */,
			);
			runOnlyForDeploymentPostprocessing = 0;
		};
/* End PBXFrameworksBuildPhase section */

/* Begin PBXGroup section */
		3B3EC1B4191C20E8005E13FA = {
			isa = PBXGroup;
			children = (
				3B3EC1C6191C20E8005E13FA /* PhoneNumberFieldDemo */,
				3B3EC1E5191C20E9005E13FA /* PhoneNumberFieldDemoTests */,
				3B3EC1BF191C20E8005E13FA /* Frameworks */,
				3B3EC1BE191C20E8005E13FA /* Products */,
			);
			sourceTree = "<group>";
		};
		3B3EC1BE191C20E8005E13FA /* Products */ = {
			isa = PBXGroup;
			children = (
				3B3EC1BD191C20E8005E13FA /* PhoneNumberFieldDemo.app */,
				3B3EC1DE191C20E9005E13FA /* PhoneNumberFieldDemoTests.xctest */,
			);
			name = Products;
			sourceTree = "<group>";
		};
		3B3EC1BF191C20E8005E13FA /* Frameworks */ = {
			isa = PBXGroup;
			children = (
				3B3EC1C0191C20E8005E13FA /* Foundation.framework */,
				3B3EC1C2191C20E8005E13FA /* CoreGraphics.framework */,
				3B3EC1C4191C20E8005E13FA /* UIKit.framework */,
				3B3EC1DF191C20E9005E13FA /* XCTest.framework */,
			);
			name = Frameworks;
			sourceTree = "<group>";
		};
		3B3EC1C6191C20E8005E13FA /* PhoneNumberFieldDemo */ = {
			isa = PBXGroup;
			children = (
				3B3EC1CF191C20E9005E13FA /* LTAppDelegate.h */,
				3B3EC1D0191C20E9005E13FA /* LTAppDelegate.m */,
				3B3EC1D2191C20E9005E13FA /* Main.storyboard */,
				3B3EC1D5191C20E9005E13FA /* LTViewController.h */,
				3B3EC1D6191C20E9005E13FA /* LTViewController.m */,
				3B3EC1D8191C20E9005E13FA /* Images.xcassets */,
				3B3EC1C7191C20E9005E13FA /* Supporting Files */,
			);
			path = PhoneNumberFieldDemo;
			sourceTree = "<group>";
		};
		3B3EC1C7191C20E9005E13FA /* Supporting Files */ = {
			isa = PBXGroup;
			children = (
				3B3EC1C8191C20E9005E13FA /* PhoneNumberFieldDemo-Info.plist */,
				3B3EC1C9191C20E9005E13FA /* InfoPlist.strings */,
				3B3EC1CC191C20E9005E13FA /* main.m */,
				3B3EC1CE191C20E9005E13FA /* PhoneNumberFieldDemo-Prefix.pch */,
			);
			name = "Supporting Files";
			sourceTree = "<group>";
		};
		3B3EC1E5191C20E9005E13FA /* PhoneNumberFieldDemoTests */ = {
			isa = PBXGroup;
			children = (
				3B3EC1EB191C20E9005E13FA /* PhoneNumberFieldDemoTests.m */,
				3B3EC1E6191C20E9005E13FA /* Supporting Files */,
			);
			path = PhoneNumberFieldDemoTests;
			sourceTree = "<group>";
		};
		3B3EC1E6191C20E9005E13FA /* Supporting Files */ = {
			isa = PBXGroup;
			children = (
				3B3EC1E7191C20E9005E13FA /* PhoneNumberFieldDemoTests-Info.plist */,
				3B3EC1E8191C20E9005E13FA /* InfoPlist.strings */,
			);
			name = "Supporting Files";
			sourceTree = "<group>";
		};
/* End PBXGroup section */

/* Begin PBXNativeTarget section */
		3B3EC1BC191C20E8005E13FA /* PhoneNumberFieldDemo */ = {
			isa = PBXNativeTarget;
			buildConfigurationList = 3B3EC1EF191C20E9005E13FA /* Build configuration list for PBXNativeTarget "PhoneNumberFieldDemo" */;
			buildPhases = (
				3B3EC1B9191C20E8005E13FA /* Sources */,
				3B3EC1BA191C20E8005E13FA /* Frameworks */,
				3B3EC1BB191C20E8005E13FA /* Resources */,
			);
			buildRules = (
			);
			dependencies = (
			);
			name = PhoneNumberFieldDemo;
			productName = PhoneNumberFieldDemo;
			productReference = 3B3EC1BD191C20E8005E13FA /* PhoneNumberFieldDemo.app */;
			productType = "com.apple.product-type.application";
		};
		3B3EC1DD191C20E9005E13FA /* PhoneNumberFieldDemoTests */ = {
			isa = PBXNativeTarget;
			buildConfigurationList = 3B3EC1F2191C20E9005E13FA /* Build configuration list for PBXNativeTarget "PhoneNumberFieldDemoTests" */;
			buildPhases = (
				3B3EC1DA191C20E9005E13FA /* Sources */,
				3B3EC1DB191C20E9005E13FA /* Frameworks */,
				3B3EC1DC191C20E9005E13FA /* Resources */,
			);
			buildRules = (
			);
			dependencies = (
				3B3EC1E4191C20E9005E13FA /* PBXTargetDependency */,
			);
			name = PhoneNumberFieldDemoTests;
			productName = PhoneNumberFieldDemoTests;
			productReference = 3B3EC1DE191C20E9005E13FA /* PhoneNumberFieldDemoTests.xctest */;
			productType = "com.apple.product-type.bundle.unit-test";
		};
/* End PBXNativeTarget section */

/* Begin PBXProject section */
		3B3EC1B5191C20E8005E13FA /* Project object */ = {
			isa = PBXProject;
			attributes = {
				CLASSPREFIX = LT;
				LastUpgradeCheck = 0510;
				ORGANIZATIONNAME = "Lua Technologies, LLC";
				TargetAttributes = {
					3B3EC1DD191C20E9005E13FA = {
						TestTargetID = 3B3EC1BC191C20E8005E13FA;
					};
				};
			};
			buildConfigurationList = 3B3EC1B8191C20E8005E13FA /* Build configuration list for PBXProject "PhoneNumberFieldDemo" */;
			compatibilityVersion = "Xcode 3.2";
			developmentRegion = English;
			hasScannedForEncodings = 0;
			knownRegions = (
				en,
				Base,
			);
			mainGroup = 3B3EC1B4191C20E8005E13FA;
			productRefGroup = 3B3EC1BE191C20E8005E13FA /* Products */;
			projectDirPath = "";
			projectRoot = "";
			targets = (
				3B3EC1BC191C20E8005E13FA /* PhoneNumberFieldDemo */,
				3B3EC1DD191C20E9005E13FA /* PhoneNumberFieldDemoTests */,
			);
		};
/* End PBXProject section */

/* Begin PBXResourcesBuildPhase section */
		3B3EC1BB191C20E8005E13FA /* Resources */ = {
			isa = PBXResourcesBuildPhase;
			buildActionMask = 2147483647;
			files = (
				3B3EC1D9191C20E9005E13FA /* Images.xcassets in Resources */,
				3B3EC1CB191C20E9005E13FA /* InfoPlist.strings in Resources */,
				3B3EC1D4191C20E9005E13FA /* Main.storyboard in Resources */,
			);
			runOnlyForDeploymentPostprocessing = 0;
		};
		3B3EC1DC191C20E9005E13FA /* Resources */ = {
			isa = PBXResourcesBuildPhase;
			buildActionMask = 2147483647;
			files = (
				3B3EC1EA191C20E9005E13FA /* InfoPlist.strings in Resources */,
			);
			runOnlyForDeploymentPostprocessing = 0;
		};
/* End PBXResourcesBuildPhase section */

/* Begin PBXSourcesBuildPhase section */
		3B3EC1B9191C20E8005E13FA /* Sources */ = {
			isa = PBXSourcesBuildPhase;
			buildActionMask = 2147483647;
			files = (
				3B3EC1D1191C20E9005E13FA /* LTAppDelegate.m in Sources */,
				3B3EC1CD191C20E9005E13FA /* main.m in Sources */,
				3B3EC1D7191C20E9005E13FA /* LTViewController.m in Sources */,
			);
			runOnlyForDeploymentPostprocessing = 0;
		};
		3B3EC1DA191C20E9005E13FA /* Sources */ = {
			isa = PBXSourcesBuildPhase;
			buildActionMask = 2147483647;
			files = (
				3B3EC1EC191C20E9005E13FA /* PhoneNumberFieldDemoTests.m in Sources */,
			);
			runOnlyForDeploymentPostprocessing = 0;
		};
/* End PBXSourcesBuildPhase section */

/* Begin PBXTargetDependency section */
		3B3EC1E4191C20E9005E13FA /* PBXTargetDependency */ = {
			isa = PBXTargetDependency;
			target = 3B3EC1BC191C20E8005E13FA /* PhoneNumberFieldDemo */;
			targetProxy = 3B3EC1E3191C20E9005E13FA /* PBXContainerItemProxy */;
		};
/* End PBXTargetDependency section */

/* Begin PBXVariantGroup section */
		3B3EC1C9191C20E9005E13FA /* InfoPlist.strings */ = {
			isa = PBXVariantGroup;
			children = (
				3B3EC1CA191C20E9005E13FA /* en */,
			);
			name = InfoPlist.strings;
			sourceTree = "<group>";
		};
		3B3EC1D2191C20E9005E13FA /* Main.storyboard */ = {
			isa = PBXVariantGroup;
			children = (
				3B3EC1D3191C20E9005E13FA /* Base */,
			);
			name = Main.storyboard;
			sourceTree = "<group>";
		};
		3B3EC1E8191C20E9005E13FA /* InfoPlist.strings */ = {
			isa = PBXVariantGroup;
			children = (
				3B3EC1E9191C20E9005E13FA /* en */,
			);
			name = InfoPlist.strings;
			sourceTree = "<group>";
		};
/* End PBXVariantGroup section */

/* Begin XCBuildConfiguration section */
		3B3EC1ED191C20E9005E13FA /* Debug */ = {
			isa = XCBuildConfiguration;
			buildSettings = {
				ALWAYS_SEARCH_USER_PATHS = NO;
				CLANG_CXX_LANGUAGE_STANDARD = "gnu++0x";
				CLANG_CXX_LIBRARY = "libc++";
				CLANG_ENABLE_MODULES = YES;
				CLANG_ENABLE_OBJC_ARC = YES;
				CLANG_WARN_BOOL_CONVERSION = YES;
				CLANG_WARN_CONSTANT_CONVERSION = YES;
				CLANG_WARN_DIRECT_OBJC_ISA_USAGE = YES_ERROR;
				CLANG_WARN_EMPTY_BODY = YES;
				CLANG_WARN_ENUM_CONVERSION = YES;
				CLANG_WARN_INT_CONVERSION = YES;
				CLANG_WARN_OBJC_ROOT_CLASS = YES_ERROR;
				CLANG_WARN__DUPLICATE_METHOD_MATCH = YES;
				"CODE_SIGN_IDENTITY[sdk=iphoneos*]" = "iPhone Developer";
				COPY_PHASE_STRIP = NO;
				GCC_C_LANGUAGE_STANDARD = gnu99;
				GCC_DYNAMIC_NO_PIC = NO;
				GCC_OPTIMIZATION_LEVEL = 0;
				GCC_PREPROCESSOR_DEFINITIONS = (
					"DEBUG=1",
					"$(inherited)",
				);
				GCC_SYMBOLS_PRIVATE_EXTERN = NO;
				GCC_WARN_64_TO_32_BIT_CONVERSION = YES;
				GCC_WARN_ABOUT_RETURN_TYPE = YES_ERROR;
				GCC_WARN_UNDECLARED_SELECTOR = YES;
				GCC_WARN_UNINITIALIZED_AUTOS = YES_AGGRESSIVE;
				GCC_WARN_UNUSED_FUNCTION = YES;
				GCC_WARN_UNUSED_VARIABLE = YES;
				IPHONEOS_DEPLOYMENT_TARGET = 6.0;
				ONLY_ACTIVE_ARCH = YES;
				SDKROOT = iphoneos;
			};
			name = Debug;
		};
		3B3EC1EE191C20E9005E13FA /* Release */ = {
			isa = XCBuildConfiguration;
			buildSettings = {
				ALWAYS_SEARCH_USER_PATHS = NO;
				CLANG_CXX_LANGUAGE_STANDARD = "gnu++0x";
				CLANG_CXX_LIBRARY = "libc++";
				CLANG_ENABLE_MODULES = YES;
				CLANG_ENABLE_OBJC_ARC = YES;
				CLANG_WARN_BOOL_CONVERSION = YES;
				CLANG_WARN_CONSTANT_CONVERSION = YES;
				CLANG_WARN_DIRECT_OBJC_ISA_USAGE = YES_ERROR;
				CLANG_WARN_EMPTY_BODY = YES;
				CLANG_WARN_ENUM_CONVERSION = YES;
				CLANG_WARN_INT_CONVERSION = YES;
				CLANG_WARN_OBJC_ROOT_CLASS = YES_ERROR;
				CLANG_WARN__DUPLICATE_METHOD_MATCH = YES;
				"CODE_SIGN_IDENTITY[sdk=iphoneos*]" = "iPhone Developer";
				COPY_PHASE_STRIP = YES;
				ENABLE_NS_ASSERTIONS = NO;
				GCC_C_LANGUAGE_STANDARD = gnu99;
				GCC_WARN_64_TO_32_BIT_CONVERSION = YES;
				GCC_WARN_ABOUT_RETURN_TYPE = YES_ERROR;
				GCC_WARN_UNDECLARED_SELECTOR = YES;
				GCC_WARN_UNINITIALIZED_AUTOS = YES_AGGRESSIVE;
				GCC_WARN_UNUSED_FUNCTION = YES;
				GCC_WARN_UNUSED_VARIABLE = YES;
				IPHONEOS_DEPLOYMENT_TARGET = 6.0;
				SDKROOT = iphoneos;
				VALIDATE_PRODUCT = YES;
			};
			name = Release;
		};
		3B3EC1F0191C20E9005E13FA /* Debug */ = {
			isa = XCBuildConfiguration;
			buildSettings = {
				ASSETCATALOG_COMPILER_APPICON_NAME = AppIcon;
				ASSETCATALOG_COMPILER_LAUNCHIMAGE_NAME = LaunchImage;
				GCC_PRECOMPILE_PREFIX_HEADER = YES;
				GCC_PREFIX_HEADER = "PhoneNumberFieldDemo/PhoneNumberFieldDemo-Prefix.pch";
				INFOPLIST_FILE = "PhoneNumberFieldDemo/PhoneNumberFieldDemo-Info.plist";
				IPHONEOS_DEPLOYMENT_TARGET = 6.0;
				PRODUCT_NAME = "$(TARGET_NAME)";
				WRAPPER_EXTENSION = app;
			};
			name = Debug;
		};
		3B3EC1F1191C20E9005E13FA /* Release */ = {
			isa = XCBuildConfiguration;
			buildSettings = {
				ASSETCATALOG_COMPILER_APPICON_NAME = AppIcon;
				ASSETCATALOG_COMPILER_LAUNCHIMAGE_NAME = LaunchImage;
				GCC_PRECOMPILE_PREFIX_HEADER = YES;
				GCC_PREFIX_HEADER = "PhoneNumberFieldDemo/PhoneNumberFieldDemo-Prefix.pch";
				INFOPLIST_FILE = "PhoneNumberFieldDemo/PhoneNumberFieldDemo-Info.plist";
				IPHONEOS_DEPLOYMENT_TARGET = 6.0;
				PRODUCT_NAME = "$(TARGET_NAME)";
				WRAPPER_EXTENSION = app;
			};
			name = Release;
		};
		3B3EC1F3191C20E9005E13FA /* Debug */ = {
			isa = XCBuildConfiguration;
			buildSettings = {
				BUNDLE_LOADER = "$(BUILT_PRODUCTS_DIR)/PhoneNumberFieldDemo.app/PhoneNumberFieldDemo";
				FRAMEWORK_SEARCH_PATHS = (
					"$(SDKROOT)/Developer/Library/Frameworks",
					"$(inherited)",
					"$(DEVELOPER_FRAMEWORKS_DIR)",
				);
				GCC_PRECOMPILE_PREFIX_HEADER = YES;
				GCC_PREFIX_HEADER = "PhoneNumberFieldDemo/PhoneNumberFieldDemo-Prefix.pch";
				GCC_PREPROCESSOR_DEFINITIONS = (
					"DEBUG=1",
					"$(inherited)",
				);
				INFOPLIST_FILE = "PhoneNumberFieldDemoTests/PhoneNumberFieldDemoTests-Info.plist";
				PRODUCT_NAME = "$(TARGET_NAME)";
				TEST_HOST = "$(BUNDLE_LOADER)";
				WRAPPER_EXTENSION = xctest;
			};
			name = Debug;
		};
		3B3EC1F4191C20E9005E13FA /* Release */ = {
			isa = XCBuildConfiguration;
			buildSettings = {
				BUNDLE_LOADER = "$(BUILT_PRODUCTS_DIR)/PhoneNumberFieldDemo.app/PhoneNumberFieldDemo";
				FRAMEWORK_SEARCH_PATHS = (
					"$(SDKROOT)/Developer/Library/Frameworks",
					"$(inherited)",
					"$(DEVELOPER_FRAMEWORKS_DIR)",
				);
				GCC_PRECOMPILE_PREFIX_HEADER = YES;
				GCC_PREFIX_HEADER = "PhoneNumberFieldDemo/PhoneNumberFieldDemo-Prefix.pch";
				INFOPLIST_FILE = "PhoneNumberFieldDemoTests/PhoneNumberFieldDemoTests-Info.plist";
				PRODUCT_NAME = "$(TARGET_NAME)";
				TEST_HOST = "$(BUNDLE_LOADER)";
				WRAPPER_EXTENSION = xctest;
			};
			name = Release;
		};
/* End XCBuildConfiguration section */

/* Begin XCConfigurationList section */
		3B3EC1B8191C20E8005E13FA /* Build configuration list for PBXProject "PhoneNumberFieldDemo" */ = {
			isa = XCConfigurationList;
			buildConfigurations = (
				3B3EC1ED191C20E9005E13FA /* Debug */,
				3B3EC1EE191C20E9005E13FA /* Release */,
			);
			defaultConfigurationIsVisible = 0;
			defaultConfigurationName = Release;
		};
		3B3EC1EF191C20E9005E13FA /* Build configuration list for PBXNativeTarget "PhoneNumberFieldDemo" */ = {
			isa = XCConfigurationList;
			buildConfigurations = (
				3B3EC1F0191C20E9005E13FA /* Debug */,
				3B3EC1F1191C20E9005E13FA /* Release */,
			);
			defaultConfigurationIsVisible = 0;
		};
		3B3EC1F2191C20E9005E13FA /* Build configuration list for PBXNativeTarget "PhoneNumberFieldDemoTests" */ = {
			isa = XCConfigurationList;
			buildConfigurations = (
				3B3EC1F3191C20E9005E13FA /* Debug */,
				3B3EC1F4191C20E9005E13FA /* Release */,
			);
			defaultConfigurationIsVisible = 0;
		};
/* End XCConfigurationList section */
	};
	rootObject = 3B3EC1B5191C20E8005E13FA /* Project object */;
}
